// !$*UTF8*$!
{
	archiveVersion = 1;
	classes = {
	};
	objectVersion = 56;
	objects = {

/* Begin PBXBuildFile section */
		A3D593C92A9F3B55000F2753 /* DiceKingApp.swift in Sources */ = {isa = PBXBuildFile; fileRef = A3D593C82A9F3B55000F2753 /* DiceKingApp.swift */; };
		A3D593CB2A9F3B55000F2753 /* ContentView.swift in Sources */ = {isa = PBXBuildFile; fileRef = A3D593CA2A9F3B55000F2753 /* ContentView.swift */; };
		A3D593CD2A9F3B59000F2753 /* Assets.xcassets in Resources */ = {isa = PBXBuildFile; fileRef = A3D593CC2A9F3B59000F2753 /* Assets.xcassets */; };
		A3D593D02A9F3B59000F2753 /* Preview Assets.xcassets in Resources */ = {isa = PBXBuildFile; fileRef = A3D593CF2A9F3B59000F2753 /* Preview Assets.xcassets */; };
		A3D593D82A9F4129000F2753 /* NameInputView.swift in Sources */ = {isa = PBXBuildFile; fileRef = A3D593D72A9F4129000F2753 /* NameInputView.swift */; };
		A3D593DB2AA0488A000F2753 /* Modifiers.swift in Sources */ = {isa = PBXBuildFile; fileRef = A3D593DA2AA0488A000F2753 /* Modifiers.swift */; };
		A3D593DD2AA0524E000F2753 /* WelcomeView.swift in Sources */ = {isa = PBXBuildFile; fileRef = A3D593DC2AA0524E000F2753 /* WelcomeView.swift */; };
		A3D593DF2AA05621000F2753 /* NavigationLinksView.swift in Sources */ = {isa = PBXBuildFile; fileRef = A3D593DE2AA05621000F2753 /* NavigationLinksView.swift */; };
		A3D593E22AA05681000F2753 /* GameView.swift in Sources */ = {isa = PBXBuildFile; fileRef = A3D593E12AA05681000F2753 /* GameView.swift */; };
		A3D593E72AA05C98000F2753 /* SettingsView.swift in Sources */ = {isa = PBXBuildFile; fileRef = A3D593E62AA05C98000F2753 /* SettingsView.swift */; };
		A3D593E92AA05CB9000F2753 /* LeaderboardView.swift in Sources */ = {isa = PBXBuildFile; fileRef = A3D593E82AA05CB8000F2753 /* LeaderboardView.swift */; };
		A3D593EB2AA05CD3000F2753 /* TutorialView.swift in Sources */ = {isa = PBXBuildFile; fileRef = A3D593EA2AA05CD3000F2753 /* TutorialView.swift */; };
		A3D593EE2AA062A9000F2753 /* PlayerStatusView.swift in Sources */ = {isa = PBXBuildFile; fileRef = A3D593ED2AA062A9000F2753 /* PlayerStatusView.swift */; };
		A3D593F12AA063E4000F2753 /* Player.swift in Sources */ = {isa = PBXBuildFile; fileRef = A3D593F02AA063E4000F2753 /* Player.swift */; };
		A3D593F32AA07843000F2753 /* GameStatusView.swift in Sources */ = {isa = PBXBuildFile; fileRef = A3D593F22AA07843000F2753 /* GameStatusView.swift */; };
		A3D593F52AA08115000F2753 /* BetOptionView.swift in Sources */ = {isa = PBXBuildFile; fileRef = A3D593F42AA08115000F2753 /* BetOptionView.swift */; };
		A3D593F72AA0946A000F2753 /* RangeOptionView.swift in Sources */ = {isa = PBXBuildFile; fileRef = A3D593F62AA0946A000F2753 /* RangeOptionView.swift */; };
		A3D593F92AA09496000F2753 /* OddOrEvenOptionView.swift in Sources */ = {isa = PBXBuildFile; fileRef = A3D593F82AA09496000F2753 /* OddOrEvenOptionView.swift */; };
		A3D594012AA0A8A8000F2753 /* LosingView.swift in Sources */ = {isa = PBXBuildFile; fileRef = A3D594002AA0A8A8000F2753 /* LosingView.swift */; };
		A3D594032AA0B382000F2753 /* WinningView.swift in Sources */ = {isa = PBXBuildFile; fileRef = A3D594022AA0B382000F2753 /* WinningView.swift */; };
		A3D594052AA0B825000F2753 /* MemberRow.swift in Sources */ = {isa = PBXBuildFile; fileRef = A3D594042AA0B825000F2753 /* MemberRow.swift */; };
		A3D594072AA0BBA5000F2753 /* ProgressBar.swift in Sources */ = {isa = PBXBuildFile; fileRef = A3D594062AA0BBA5000F2753 /* ProgressBar.swift */; };
		A3D594092AA0C47B000F2753 /* MemberDetailsView.swift in Sources */ = {isa = PBXBuildFile; fileRef = A3D594082AA0C47B000F2753 /* MemberDetailsView.swift */; };
		A3D5940B2AA0C808000F2753 /* BadgesList.swift in Sources */ = {isa = PBXBuildFile; fileRef = A3D5940A2AA0C808000F2753 /* BadgesList.swift */; };
		A3D5940F2AA0F8F6000F2753 /* TutorialContentView.swift in Sources */ = {isa = PBXBuildFile; fileRef = A3D5940E2AA0F8F6000F2753 /* TutorialContentView.swift */; };
		A3D594112AA0FD93000F2753 /* PointDetailsSheetView.swift in Sources */ = {isa = PBXBuildFile; fileRef = A3D594102AA0FD93000F2753 /* PointDetailsSheetView.swift */; };
		A3D594132AA1914E000F2753 /* AchievementsDetailsSheetView.swift in Sources */ = {isa = PBXBuildFile; fileRef = A3D594122AA1914E000F2753 /* AchievementsDetailsSheetView.swift */; };
		A3D594162AA31A50000F2753 /* PlayerViewModel.swift in Sources */ = {isa = PBXBuildFile; fileRef = A3D594152AA31A50000F2753 /* PlayerViewModel.swift */; };
		A3D594192AA31C59000F2753 /* Level.swift in Sources */ = {isa = PBXBuildFile; fileRef = A3D594182AA31C59000F2753 /* Level.swift */; };
		A3D5941B2AA31D7D000F2753 /* Round.swift in Sources */ = {isa = PBXBuildFile; fileRef = A3D5941A2AA31D7D000F2753 /* Round.swift */; };
		A3D5941D2AA31E77000F2753 /* Badge.swift in Sources */ = {isa = PBXBuildFile; fileRef = A3D5941C2AA31E77000F2753 /* Badge.swift */; };
/* End PBXBuildFile section */

/* Begin PBXFileReference section */
		A3D593C52A9F3B55000F2753 /* DiceKing.app */ = {isa = PBXFileReference; explicitFileType = wrapper.application; includeInIndex = 0; path = DiceKing.app; sourceTree = BUILT_PRODUCTS_DIR; };
		A3D593C82A9F3B55000F2753 /* DiceKingApp.swift */ = {isa = PBXFileReference; lastKnownFileType = sourcecode.swift; path = DiceKingApp.swift; sourceTree = "<group>"; };
		A3D593CA2A9F3B55000F2753 /* ContentView.swift */ = {isa = PBXFileReference; lastKnownFileType = sourcecode.swift; path = ContentView.swift; sourceTree = "<group>"; };
		A3D593CC2A9F3B59000F2753 /* Assets.xcassets */ = {isa = PBXFileReference; lastKnownFileType = folder.assetcatalog; path = Assets.xcassets; sourceTree = "<group>"; };
		A3D593CF2A9F3B59000F2753 /* Preview Assets.xcassets */ = {isa = PBXFileReference; lastKnownFileType = folder.assetcatalog; path = "Preview Assets.xcassets"; sourceTree = "<group>"; };
		A3D593D72A9F4129000F2753 /* NameInputView.swift */ = {isa = PBXFileReference; lastKnownFileType = sourcecode.swift; path = NameInputView.swift; sourceTree = "<group>"; };
		A3D593DA2AA0488A000F2753 /* Modifiers.swift */ = {isa = PBXFileReference; lastKnownFileType = sourcecode.swift; path = Modifiers.swift; sourceTree = "<group>"; };
		A3D593DC2AA0524E000F2753 /* WelcomeView.swift */ = {isa = PBXFileReference; lastKnownFileType = sourcecode.swift; path = WelcomeView.swift; sourceTree = "<group>"; };
		A3D593DE2AA05621000F2753 /* NavigationLinksView.swift */ = {isa = PBXFileReference; lastKnownFileType = sourcecode.swift; path = NavigationLinksView.swift; sourceTree = "<group>"; };
		A3D593E12AA05681000F2753 /* GameView.swift */ = {isa = PBXFileReference; lastKnownFileType = sourcecode.swift; path = GameView.swift; sourceTree = "<group>"; };
		A3D593E62AA05C98000F2753 /* SettingsView.swift */ = {isa = PBXFileReference; lastKnownFileType = sourcecode.swift; path = SettingsView.swift; sourceTree = "<group>"; };
		A3D593E82AA05CB8000F2753 /* LeaderboardView.swift */ = {isa = PBXFileReference; lastKnownFileType = sourcecode.swift; path = LeaderboardView.swift; sourceTree = "<group>"; };
		A3D593EA2AA05CD3000F2753 /* TutorialView.swift */ = {isa = PBXFileReference; lastKnownFileType = sourcecode.swift; path = TutorialView.swift; sourceTree = "<group>"; };
		A3D593ED2AA062A9000F2753 /* PlayerStatusView.swift */ = {isa = PBXFileReference; lastKnownFileType = sourcecode.swift; path = PlayerStatusView.swift; sourceTree = "<group>"; };
		A3D593F02AA063E4000F2753 /* Player.swift */ = {isa = PBXFileReference; lastKnownFileType = sourcecode.swift; path = Player.swift; sourceTree = "<group>"; };
		A3D593F22AA07843000F2753 /* GameStatusView.swift */ = {isa = PBXFileReference; lastKnownFileType = sourcecode.swift; path = GameStatusView.swift; sourceTree = "<group>"; };
		A3D593F42AA08115000F2753 /* BetOptionView.swift */ = {isa = PBXFileReference; lastKnownFileType = sourcecode.swift; path = BetOptionView.swift; sourceTree = "<group>"; };
		A3D593F62AA0946A000F2753 /* RangeOptionView.swift */ = {isa = PBXFileReference; lastKnownFileType = sourcecode.swift; path = RangeOptionView.swift; sourceTree = "<group>"; };
		A3D593F82AA09496000F2753 /* OddOrEvenOptionView.swift */ = {isa = PBXFileReference; lastKnownFileType = sourcecode.swift; path = OddOrEvenOptionView.swift; sourceTree = "<group>"; };
		A3D594002AA0A8A8000F2753 /* LosingView.swift */ = {isa = PBXFileReference; lastKnownFileType = sourcecode.swift; path = LosingView.swift; sourceTree = "<group>"; };
		A3D594022AA0B382000F2753 /* WinningView.swift */ = {isa = PBXFileReference; lastKnownFileType = sourcecode.swift; path = WinningView.swift; sourceTree = "<group>"; };
		A3D594042AA0B825000F2753 /* MemberRow.swift */ = {isa = PBXFileReference; lastKnownFileType = sourcecode.swift; path = MemberRow.swift; sourceTree = "<group>"; };
		A3D594062AA0BBA5000F2753 /* ProgressBar.swift */ = {isa = PBXFileReference; lastKnownFileType = sourcecode.swift; path = ProgressBar.swift; sourceTree = "<group>"; };
		A3D594082AA0C47B000F2753 /* MemberDetailsView.swift */ = {isa = PBXFileReference; lastKnownFileType = sourcecode.swift; path = MemberDetailsView.swift; sourceTree = "<group>"; };
		A3D5940A2AA0C808000F2753 /* BadgesList.swift */ = {isa = PBXFileReference; lastKnownFileType = sourcecode.swift; path = BadgesList.swift; sourceTree = "<group>"; };
		A3D5940E2AA0F8F6000F2753 /* TutorialContentView.swift */ = {isa = PBXFileReference; lastKnownFileType = sourcecode.swift; path = TutorialContentView.swift; sourceTree = "<group>"; };
		A3D594102AA0FD93000F2753 /* PointDetailsSheetView.swift */ = {isa = PBXFileReference; lastKnownFileType = sourcecode.swift; path = PointDetailsSheetView.swift; sourceTree = "<group>"; };
		A3D594122AA1914E000F2753 /* AchievementsDetailsSheetView.swift */ = {isa = PBXFileReference; lastKnownFileType = sourcecode.swift; path = AchievementsDetailsSheetView.swift; sourceTree = "<group>"; };
		A3D594152AA31A50000F2753 /* PlayerViewModel.swift */ = {isa = PBXFileReference; lastKnownFileType = sourcecode.swift; path = PlayerViewModel.swift; sourceTree = "<group>"; };
		A3D594182AA31C59000F2753 /* Level.swift */ = {isa = PBXFileReference; lastKnownFileType = sourcecode.swift; path = Level.swift; sourceTree = "<group>"; };
		A3D5941A2AA31D7D000F2753 /* Round.swift */ = {isa = PBXFileReference; lastKnownFileType = sourcecode.swift; path = Round.swift; sourceTree = "<group>"; };
		A3D5941C2AA31E77000F2753 /* Badge.swift */ = {isa = PBXFileReference; lastKnownFileType = sourcecode.swift; path = Badge.swift; sourceTree = "<group>"; };
/* End PBXFileReference section */

/* Begin PBXFrameworksBuildPhase section */
		A3D593C22A9F3B55000F2753 /* Frameworks */ = {
			isa = PBXFrameworksBuildPhase;
			buildActionMask = 2147483647;
			files = (
			);
			runOnlyForDeploymentPostprocessing = 0;
		};
/* End PBXFrameworksBuildPhase section */

/* Begin PBXGroup section */
		A3D593BC2A9F3B55000F2753 = {
			isa = PBXGroup;
			children = (
				A3D593C72A9F3B55000F2753 /* DiceKing */,
				A3D593C62A9F3B55000F2753 /* Products */,
			);
			sourceTree = "<group>";
		};
		A3D593C62A9F3B55000F2753 /* Products */ = {
			isa = PBXGroup;
			children = (
				A3D593C52A9F3B55000F2753 /* DiceKing.app */,
			);
			name = Products;
			sourceTree = "<group>";
		};
		A3D593C72A9F3B55000F2753 /* DiceKing */ = {
			isa = PBXGroup;
			children = (
				A3D594142AA31A3A000F2753 /* ViewModel */,
				A3D593EF2AA063CC000F2753 /* Model */,
				A3D594172AA31C44000F2753 /* View */,
				A3D593C82A9F3B55000F2753 /* DiceKingApp.swift */,
				A3D593CA2A9F3B55000F2753 /* ContentView.swift */,
				A3D593CC2A9F3B59000F2753 /* Assets.xcassets */,
				A3D593CE2A9F3B59000F2753 /* Preview Content */,
			);
			path = DiceKing;
			sourceTree = "<group>";
		};
		A3D593CE2A9F3B59000F2753 /* Preview Content */ = {
			isa = PBXGroup;
			children = (
				A3D593CF2A9F3B59000F2753 /* Preview Assets.xcassets */,
			);
			path = "Preview Content";
			sourceTree = "<group>";
		};
		A3D593D62A9F40E3000F2753 /* WelcomeView */ = {
			isa = PBXGroup;
			children = (
				A3D593D72A9F4129000F2753 /* NameInputView.swift */,
				A3D593DC2AA0524E000F2753 /* WelcomeView.swift */,
				A3D593DE2AA05621000F2753 /* NavigationLinksView.swift */,
				A3D593ED2AA062A9000F2753 /* PlayerStatusView.swift */,
			);
			path = WelcomeView;
			sourceTree = "<group>";
		};
		A3D593D92AA04872000F2753 /* Helpers */ = {
			isa = PBXGroup;
			children = (
				A3D593DA2AA0488A000F2753 /* Modifiers.swift */,
			);
			path = Helpers;
			sourceTree = "<group>";
		};
		A3D593E02AA0566C000F2753 /* GameView */ = {
			isa = PBXGroup;
			children = (
				A3D593FF2AA0A88E000F2753 /* ResultView */,
				A3D593E12AA05681000F2753 /* GameView.swift */,
				A3D593F22AA07843000F2753 /* GameStatusView.swift */,
				A3D593F42AA08115000F2753 /* BetOptionView.swift */,
				A3D593F62AA0946A000F2753 /* RangeOptionView.swift */,
				A3D593F82AA09496000F2753 /* OddOrEvenOptionView.swift */,
			);
			path = GameView;
			sourceTree = "<group>";
		};
		A3D593E32AA05C61000F2753 /* SettingsView */ = {
			isa = PBXGroup;
			children = (
				A3D593E62AA05C98000F2753 /* SettingsView.swift */,
			);
			path = SettingsView;
			sourceTree = "<group>";
		};
		A3D593E42AA05C6C000F2753 /* LeaderboardView */ = {
			isa = PBXGroup;
			children = (
				A3D593E82AA05CB8000F2753 /* LeaderboardView.swift */,
				A3D594042AA0B825000F2753 /* MemberRow.swift */,
				A3D594062AA0BBA5000F2753 /* ProgressBar.swift */,
				A3D594082AA0C47B000F2753 /* MemberDetailsView.swift */,
				A3D5940A2AA0C808000F2753 /* BadgesList.swift */,
			);
			path = LeaderboardView;
			sourceTree = "<group>";
		};
		A3D593E52AA05C78000F2753 /* TutorialView */ = {
			isa = PBXGroup;
			children = (
				A3D593EA2AA05CD3000F2753 /* TutorialView.swift */,
				A3D5940E2AA0F8F6000F2753 /* TutorialContentView.swift */,
				A3D594102AA0FD93000F2753 /* PointDetailsSheetView.swift */,
				A3D594122AA1914E000F2753 /* AchievementsDetailsSheetView.swift */,
			);
			path = TutorialView;
			sourceTree = "<group>";
		};
		A3D593EF2AA063CC000F2753 /* Model */ = {
			isa = PBXGroup;
			children = (
				A3D593F02AA063E4000F2753 /* Player.swift */,
				A3D594182AA31C59000F2753 /* Level.swift */,
				A3D5941A2AA31D7D000F2753 /* Round.swift */,
				A3D5941C2AA31E77000F2753 /* Badge.swift */,
			);
			path = Model;
			sourceTree = "<group>";
		};
		A3D593FF2AA0A88E000F2753 /* ResultView */ = {
			isa = PBXGroup;
			children = (
				A3D594002AA0A8A8000F2753 /* LosingView.swift */,
				A3D594022AA0B382000F2753 /* WinningView.swift */,
			);
			path = ResultView;
			sourceTree = "<group>";
		};
		A3D594142AA31A3A000F2753 /* ViewModel */ = {
			isa = PBXGroup;
			children = (
				A3D594152AA31A50000F2753 /* PlayerViewModel.swift */,
			);
			path = ViewModel;
			sourceTree = "<group>";
		};
		A3D594172AA31C44000F2753 /* View */ = {
			isa = PBXGroup;
			children = (
				A3D593E52AA05C78000F2753 /* TutorialView */,
				A3D593E42AA05C6C000F2753 /* LeaderboardView */,
				A3D593E32AA05C61000F2753 /* SettingsView */,
				A3D593E02AA0566C000F2753 /* GameView */,
				A3D593D92AA04872000F2753 /* Helpers */,
				A3D593D62A9F40E3000F2753 /* WelcomeView */,
			);
			path = View;
			sourceTree = "<group>";
		};
/* End PBXGroup section */

/* Begin PBXNativeTarget section */
		A3D593C42A9F3B55000F2753 /* DiceKing */ = {
			isa = PBXNativeTarget;
			buildConfigurationList = A3D593D32A9F3B59000F2753 /* Build configuration list for PBXNativeTarget "DiceKing" */;
			buildPhases = (
				A3D593C12A9F3B55000F2753 /* Sources */,
				A3D593C22A9F3B55000F2753 /* Frameworks */,
				A3D593C32A9F3B55000F2753 /* Resources */,
			);
			buildRules = (
			);
			dependencies = (
			);
			name = DiceKing;
			productName = DiceKing;
			productReference = A3D593C52A9F3B55000F2753 /* DiceKing.app */;
			productType = "com.apple.product-type.application";
		};
/* End PBXNativeTarget section */

/* Begin PBXProject section */
		A3D593BD2A9F3B55000F2753 /* Project object */ = {
			isa = PBXProject;
			attributes = {
				BuildIndependentTargetsInParallel = 1;
				LastSwiftUpdateCheck = 1430;
				LastUpgradeCheck = 1430;
				TargetAttributes = {
					A3D593C42A9F3B55000F2753 = {
						CreatedOnToolsVersion = 14.3.1;
					};
				};
			};
			buildConfigurationList = A3D593C02A9F3B55000F2753 /* Build configuration list for PBXProject "DiceKing" */;
			compatibilityVersion = "Xcode 14.0";
			developmentRegion = en;
			hasScannedForEncodings = 0;
			knownRegions = (
				en,
				Base,
			);
			mainGroup = A3D593BC2A9F3B55000F2753;
			productRefGroup = A3D593C62A9F3B55000F2753 /* Products */;
			projectDirPath = "";
			projectRoot = "";
			targets = (
				A3D593C42A9F3B55000F2753 /* DiceKing */,
			);
		};
/* End PBXProject section */

/* Begin PBXResourcesBuildPhase section */
		A3D593C32A9F3B55000F2753 /* Resources */ = {
			isa = PBXResourcesBuildPhase;
			buildActionMask = 2147483647;
			files = (
				A3D593D02A9F3B59000F2753 /* Preview Assets.xcassets in Resources */,
				A3D593CD2A9F3B59000F2753 /* Assets.xcassets in Resources */,
			);
			runOnlyForDeploymentPostprocessing = 0;
		};
/* End PBXResourcesBuildPhase section */

/* Begin PBXSourcesBuildPhase section */
		A3D593C12A9F3B55000F2753 /* Sources */ = {
			isa = PBXSourcesBuildPhase;
			buildActionMask = 2147483647;
			files = (
				A3D593DD2AA0524E000F2753 /* WelcomeView.swift in Sources */,
				A3D593E72AA05C98000F2753 /* SettingsView.swift in Sources */,
				A3D593F32AA07843000F2753 /* GameStatusView.swift in Sources */,
				A3D594192AA31C59000F2753 /* Level.swift in Sources */,
				A3D594092AA0C47B000F2753 /* MemberDetailsView.swift in Sources */,
				A3D593DB2AA0488A000F2753 /* Modifiers.swift in Sources */,
				A3D593EE2AA062A9000F2753 /* PlayerStatusView.swift in Sources */,
				A3D594032AA0B382000F2753 /* WinningView.swift in Sources */,
				A3D593F72AA0946A000F2753 /* RangeOptionView.swift in Sources */,
				A3D5941D2AA31E77000F2753 /* Badge.swift in Sources */,
				A3D593F12AA063E4000F2753 /* Player.swift in Sources */,
				A3D593DF2AA05621000F2753 /* NavigationLinksView.swift in Sources */,
				A3D594132AA1914E000F2753 /* AchievementsDetailsSheetView.swift in Sources */,
				A3D593E92AA05CB9000F2753 /* LeaderboardView.swift in Sources */,
				A3D5940F2AA0F8F6000F2753 /* TutorialContentView.swift in Sources */,
				A3D593CB2A9F3B55000F2753 /* ContentView.swift in Sources */,
				A3D594012AA0A8A8000F2753 /* LosingView.swift in Sources */,
				A3D593C92A9F3B55000F2753 /* DiceKingApp.swift in Sources */,
				A3D593D82A9F4129000F2753 /* NameInputView.swift in Sources */,
				A3D594162AA31A50000F2753 /* PlayerViewModel.swift in Sources */,
				A3D593EB2AA05CD3000F2753 /* TutorialView.swift in Sources */,
				A3D593E22AA05681000F2753 /* GameView.swift in Sources */,
				A3D594112AA0FD93000F2753 /* PointDetailsSheetView.swift in Sources */,
				A3D593F92AA09496000F2753 /* OddOrEvenOptionView.swift in Sources */,
				A3D593F52AA08115000F2753 /* BetOptionView.swift in Sources */,
				A3D594072AA0BBA5000F2753 /* ProgressBar.swift in Sources */,
				A3D594052AA0B825000F2753 /* MemberRow.swift in Sources */,
				A3D5941B2AA31D7D000F2753 /* Round.swift in Sources */,
				A3D5940B2AA0C808000F2753 /* BadgesList.swift in Sources */,
			);
			runOnlyForDeploymentPostprocessing = 0;
		};
/* End PBXSourcesBuildPhase section */

/* Begin XCBuildConfiguration section */
		A3D593D12A9F3B59000F2753 /* Debug */ = {
			isa = XCBuildConfiguration;
			buildSettings = {
				ALWAYS_SEARCH_USER_PATHS = NO;
				CLANG_ANALYZER_NONNULL = YES;
				CLANG_ANALYZER_NUMBER_OBJECT_CONVERSION = YES_AGGRESSIVE;
				CLANG_CXX_LANGUAGE_STANDARD = "gnu++20";
				CLANG_ENABLE_MODULES = YES;
				CLANG_ENABLE_OBJC_ARC = YES;
				CLANG_ENABLE_OBJC_WEAK = YES;
				CLANG_WARN_BLOCK_CAPTURE_AUTORELEASING = YES;
				CLANG_WARN_BOOL_CONVERSION = YES;
				CLANG_WARN_COMMA = YES;
				CLANG_WARN_CONSTANT_CONVERSION = YES;
				CLANG_WARN_DEPRECATED_OBJC_IMPLEMENTATIONS = YES;
				CLANG_WARN_DIRECT_OBJC_ISA_USAGE = YES_ERROR;
				CLANG_WARN_DOCUMENTATION_COMMENTS = YES;
				CLANG_WARN_EMPTY_BODY = YES;
				CLANG_WARN_ENUM_CONVERSION = YES;
				CLANG_WARN_INFINITE_RECURSION = YES;
				CLANG_WARN_INT_CONVERSION = YES;
				CLANG_WARN_NON_LITERAL_NULL_CONVERSION = YES;
				CLANG_WARN_OBJC_IMPLICIT_RETAIN_SELF = YES;
				CLANG_WARN_OBJC_LITERAL_CONVERSION = YES;
				CLANG_WARN_OBJC_ROOT_CLASS = YES_ERROR;
				CLANG_WARN_QUOTED_INCLUDE_IN_FRAMEWORK_HEADER = YES;
				CLANG_WARN_RANGE_LOOP_ANALYSIS = YES;
				CLANG_WARN_STRICT_PROTOTYPES = YES;
				CLANG_WARN_SUSPICIOUS_MOVE = YES;
				CLANG_WARN_UNGUARDED_AVAILABILITY = YES_AGGRESSIVE;
				CLANG_WARN_UNREACHABLE_CODE = YES;
				CLANG_WARN__DUPLICATE_METHOD_MATCH = YES;
				COPY_PHASE_STRIP = NO;
				DEBUG_INFORMATION_FORMAT = dwarf;
				ENABLE_STRICT_OBJC_MSGSEND = YES;
				ENABLE_TESTABILITY = YES;
				GCC_C_LANGUAGE_STANDARD = gnu11;
				GCC_DYNAMIC_NO_PIC = NO;
				GCC_NO_COMMON_BLOCKS = YES;
				GCC_OPTIMIZATION_LEVEL = 0;
				GCC_PREPROCESSOR_DEFINITIONS = (
					"DEBUG=1",
					"$(inherited)",
				);
				GCC_WARN_64_TO_32_BIT_CONVERSION = YES;
				GCC_WARN_ABOUT_RETURN_TYPE = YES_ERROR;
				GCC_WARN_UNDECLARED_SELECTOR = YES;
				GCC_WARN_UNINITIALIZED_AUTOS = YES_AGGRESSIVE;
				GCC_WARN_UNUSED_FUNCTION = YES;
				GCC_WARN_UNUSED_VARIABLE = YES;
				IPHONEOS_DEPLOYMENT_TARGET = 16.4;
				MTL_ENABLE_DEBUG_INFO = INCLUDE_SOURCE;
				MTL_FAST_MATH = YES;
				ONLY_ACTIVE_ARCH = YES;
				SDKROOT = iphoneos;
				SWIFT_ACTIVE_COMPILATION_CONDITIONS = DEBUG;
				SWIFT_OPTIMIZATION_LEVEL = "-Onone";
			};
			name = Debug;
		};
		A3D593D22A9F3B59000F2753 /* Release */ = {
			isa = XCBuildConfiguration;
			buildSettings = {
				ALWAYS_SEARCH_USER_PATHS = NO;
				CLANG_ANALYZER_NONNULL = YES;
				CLANG_ANALYZER_NUMBER_OBJECT_CONVERSION = YES_AGGRESSIVE;
				CLANG_CXX_LANGUAGE_STANDARD = "gnu++20";
				CLANG_ENABLE_MODULES = YES;
				CLANG_ENABLE_OBJC_ARC = YES;
				CLANG_ENABLE_OBJC_WEAK = YES;
				CLANG_WARN_BLOCK_CAPTURE_AUTORELEASING = YES;
				CLANG_WARN_BOOL_CONVERSION = YES;
				CLANG_WARN_COMMA = YES;
				CLANG_WARN_CONSTANT_CONVERSION = YES;
				CLANG_WARN_DEPRECATED_OBJC_IMPLEMENTATIONS = YES;
				CLANG_WARN_DIRECT_OBJC_ISA_USAGE = YES_ERROR;
				CLANG_WARN_DOCUMENTATION_COMMENTS = YES;
				CLANG_WARN_EMPTY_BODY = YES;
				CLANG_WARN_ENUM_CONVERSION = YES;
				CLANG_WARN_INFINITE_RECURSION = YES;
				CLANG_WARN_INT_CONVERSION = YES;
				CLANG_WARN_NON_LITERAL_NULL_CONVERSION = YES;
				CLANG_WARN_OBJC_IMPLICIT_RETAIN_SELF = YES;
				CLANG_WARN_OBJC_LITERAL_CONVERSION = YES;
				CLANG_WARN_OBJC_ROOT_CLASS = YES_ERROR;
				CLANG_WARN_QUOTED_INCLUDE_IN_FRAMEWORK_HEADER = YES;
				CLANG_WARN_RANGE_LOOP_ANALYSIS = YES;
				CLANG_WARN_STRICT_PROTOTYPES = YES;
				CLANG_WARN_SUSPICIOUS_MOVE = YES;
				CLANG_WARN_UNGUARDED_AVAILABILITY = YES_AGGRESSIVE;
				CLANG_WARN_UNREACHABLE_CODE = YES;
				CLANG_WARN__DUPLICATE_METHOD_MATCH = YES;
				COPY_PHASE_STRIP = NO;
				DEBUG_INFORMATION_FORMAT = "dwarf-with-dsym";
				ENABLE_NS_ASSERTIONS = NO;
				ENABLE_STRICT_OBJC_MSGSEND = YES;
				GCC_C_LANGUAGE_STANDARD = gnu11;
				GCC_NO_COMMON_BLOCKS = YES;
				GCC_WARN_64_TO_32_BIT_CONVERSION = YES;
				GCC_WARN_ABOUT_RETURN_TYPE = YES_ERROR;
				GCC_WARN_UNDECLARED_SELECTOR = YES;
				GCC_WARN_UNINITIALIZED_AUTOS = YES_AGGRESSIVE;
				GCC_WARN_UNUSED_FUNCTION = YES;
				GCC_WARN_UNUSED_VARIABLE = YES;
				IPHONEOS_DEPLOYMENT_TARGET = 16.4;
				MTL_ENABLE_DEBUG_INFO = NO;
				MTL_FAST_MATH = YES;
				SDKROOT = iphoneos;
				SWIFT_COMPILATION_MODE = wholemodule;
				SWIFT_OPTIMIZATION_LEVEL = "-O";
				VALIDATE_PRODUCT = YES;
			};
			name = Release;
		};
		A3D593D42A9F3B59000F2753 /* Debug */ = {
			isa = XCBuildConfiguration;
			buildSettings = {
				ASSETCATALOG_COMPILER_APPICON_NAME = AppIcon;
				ASSETCATALOG_COMPILER_GLOBAL_ACCENT_COLOR_NAME = AccentColor;
				CODE_SIGN_STYLE = Automatic;
				CURRENT_PROJECT_VERSION = 1;
				DEVELOPMENT_ASSET_PATHS = "\"DiceKing/Preview Content\"";
				DEVELOPMENT_TEAM = X75K78C3A4;
				ENABLE_PREVIEWS = YES;
				GENERATE_INFOPLIST_FILE = YES;
				INFOPLIST_KEY_UIApplicationSceneManifest_Generation = YES;
				INFOPLIST_KEY_UIApplicationSupportsIndirectInputEvents = YES;
				INFOPLIST_KEY_UILaunchScreen_Generation = YES;
				INFOPLIST_KEY_UISupportedInterfaceOrientations_iPad = "UIInterfaceOrientationPortrait UIInterfaceOrientationPortraitUpsideDown UIInterfaceOrientationLandscapeLeft UIInterfaceOrientationLandscapeRight";
				INFOPLIST_KEY_UISupportedInterfaceOrientations_iPhone = "UIInterfaceOrientationPortrait UIInterfaceOrientationLandscapeLeft UIInterfaceOrientationLandscapeRight";
				LD_RUNPATH_SEARCH_PATHS = (
					"$(inherited)",
					"@executable_path/Frameworks",
				);
				MARKETING_VERSION = 1.0;
				PRODUCT_BUNDLE_IDENTIFIER = io.npat.DiceKing;
				PRODUCT_NAME = "$(TARGET_NAME)";
				SWIFT_EMIT_LOC_STRINGS = YES;
				SWIFT_VERSION = 5.0;
				TARGETED_DEVICE_FAMILY = "1,2";
			};
			name = Debug;
		};
		A3D593D52A9F3B59000F2753 /* Release */ = {
			isa = XCBuildConfiguration;
			buildSettings = {
				ASSETCATALOG_COMPILER_APPICON_NAME = AppIcon;
				ASSETCATALOG_COMPILER_GLOBAL_ACCENT_COLOR_NAME = AccentColor;
				CODE_SIGN_STYLE = Automatic;
				CURRENT_PROJECT_VERSION = 1;
				DEVELOPMENT_ASSET_PATHS = "\"DiceKing/Preview Content\"";
				DEVELOPMENT_TEAM = X75K78C3A4;
				ENABLE_PREVIEWS = YES;
				GENERATE_INFOPLIST_FILE = YES;
				INFOPLIST_KEY_UIApplicationSceneManifest_Generation = YES;
				INFOPLIST_KEY_UIApplicationSupportsIndirectInputEvents = YES;
				INFOPLIST_KEY_UILaunchScreen_Generation = YES;
				INFOPLIST_KEY_UISupportedInterfaceOrientations_iPad = "UIInterfaceOrientationPortrait UIInterfaceOrientationPortraitUpsideDown UIInterfaceOrientationLandscapeLeft UIInterfaceOrientationLandscapeRight";
				INFOPLIST_KEY_UISupportedInterfaceOrientations_iPhone = "UIInterfaceOrientationPortrait UIInterfaceOrientationLandscapeLeft UIInterfaceOrientationLandscapeRight";
				LD_RUNPATH_SEARCH_PATHS = (
					"$(inherited)",
					"@executable_path/Frameworks",
				);
				MARKETING_VERSION = 1.0;
				PRODUCT_BUNDLE_IDENTIFIER = io.npat.DiceKing;
				PRODUCT_NAME = "$(TARGET_NAME)";
				SWIFT_EMIT_LOC_STRINGS = YES;
				SWIFT_VERSION = 5.0;
				TARGETED_DEVICE_FAMILY = "1,2";
			};
			name = Release;
		};
/* End XCBuildConfiguration section */

/* Begin XCConfigurationList section */
		A3D593C02A9F3B55000F2753 /* Build configuration list for PBXProject "DiceKing" */ = {
			isa = XCConfigurationList;
			buildConfigurations = (
				A3D593D12A9F3B59000F2753 /* Debug */,
				A3D593D22A9F3B59000F2753 /* Release */,
			);
			defaultConfigurationIsVisible = 0;
			defaultConfigurationName = Release;
		};
		A3D593D32A9F3B59000F2753 /* Build configuration list for PBXNativeTarget "DiceKing" */ = {
			isa = XCConfigurationList;
			buildConfigurations = (
				A3D593D42A9F3B59000F2753 /* Debug */,
				A3D593D52A9F3B59000F2753 /* Release */,
			);
			defaultConfigurationIsVisible = 0;
			defaultConfigurationName = Release;
		};
/* End XCConfigurationList section */
	};
	rootObject = A3D593BD2A9F3B55000F2753 /* Project object */;
}
